
Microsoft Visual Studio Solution File, Format Version 12.00
# Visual Studio 15
VisualStudioVersion = 15.0.27130.2027
MinimumVisualStudioVersion = 10.0.40219.1
Project("{FAE04EC0-301F-11D3-BF4B-00C04F79EFBC}") = "task_DEV-7", "task_DEV-7\task_DEV-7.csproj", "{1588A696-22AB-4A0E-8A9A-A3ACFC1D6D8A}"
EndProject
Project("{FAE04EC0-301F-11D3-BF4B-00C04F79EFBC}") = "task_DEV-7.Tests", "task_DEV-7.Tests\task_DEV-7.Tests.csproj", "{767D7850-1B7D-4BCF-8F2F-60C16F09B579}"
EndProject
Global
	GlobalSection(SolutionConfigurationPlatforms) = preSolution
		Debug|Any CPU = Debug|Any CPU
		Release|Any CPU = Release|Any CPU
	EndGlobalSection
	GlobalSection(ProjectConfigurationPlatforms) = postSolution
		{1588A696-22AB-4A0E-8A9A-A3ACFC1D6D8A}.Debug|Any CPU.ActiveCfg = Debug|Any CPU
		{1588A696-22AB-4A0E-8A9A-A3ACFC1D6D8A}.Debug|Any CPU.Build.0 = Debug|Any CPU
		{1588A696-22AB-4A0E-8A9A-A3ACFC1D6D8A}.Release|Any CPU.ActiveCfg = Release|Any CPU
		{1588A696-22AB-4A0E-8A9A-A3ACFC1D6D8A}.Release|Any CPU.Build.0 = Release|Any CPU
		{767D7850-1B7D-4BCF-8F2F-60C16F09B579}.Debug|Any CPU.ActiveCfg = Debug|Any CPU
		{767D7850-1B7D-4BCF-8F2F-60C16F09B579}.Debug|Any CPU.Build.0 = Debug|Any CPU
		{767D7850-1B7D-4BCF-8F2F-60C16F09B579}.Release|Any CPU.ActiveCfg = Release|Any CPU
		{767D7850-1B7D-4BCF-8F2F-60C16F09B579}.Release|Any CPU.Build.0 = Release|Any CPU
	EndGlobalSection
	GlobalSection(SolutionProperties) = preSolution
		HideSolutionNode = FALSE
	EndGlobalSection
	GlobalSection(ExtensibilityGlobals) = postSolution
		SolutionGuid = {D4FCC3F1-ED3A-4A1F-9745-55BC70FB898F}
	EndGlobalSection
EndGlobal
